// !$*UTF8*$!
{
	archiveVersion = 1;
	classes = {
	};
	objectVersion = 48;
	objects = {

/* Begin PBXBuildFile section */
		7DA5D302C37DCA207DD8F4CF /* libPods-AXMLDecompressor.a in Frameworks */ = {isa = PBXBuildFile; fileRef = FDEF27D04AE51D07E0606EF7 /* libPods-AXMLDecompressor.a */; };
		827682FC1F770F7C009B3BAC /* main.m in Sources */ = {isa = PBXBuildFile; fileRef = 827682FB1F770F7C009B3BAC /* main.m */; };
/* End PBXBuildFile section */

/* Begin PBXCopyFilesBuildPhase section */
		827682F61F770F7C009B3BAC /* CopyFiles */ = {
			isa = PBXCopyFilesBuildPhase;
			buildActionMask = 2147483647;
			dstPath = /usr/share/man/man1/;
			dstSubfolderSpec = 0;
			files = (
			);
			runOnlyForDeploymentPostprocessing = 1;
		};
/* End PBXCopyFilesBuildPhase section */

/* Begin PBXFileReference section */
		827682F81F770F7C009B3BAC /* AXMLDecompressor */ = {isa = PBXFileReference; explicitFileType = "compiled.mach-o.executable"; includeInIndex = 0; path = AXMLDecompressor; sourceTree = BUILT_PRODUCTS_DIR; };
		827682FB1F770F7C009B3BAC /* main.m */ = {isa = PBXFileReference; lastKnownFileType = sourcecode.c.objc; path = main.m; sourceTree = "<group>"; };
		9039627FF0C930D741E232A3 /* Pods-AXMLDecompressor.debug.xcconfig */ = {isa = PBXFileReference; includeInIndex = 1; lastKnownFileType = text.xcconfig; name = "Pods-AXMLDecompressor.debug.xcconfig"; path = "Pods/Target Support Files/Pods-AXMLDecompressor/Pods-AXMLDecompressor.debug.xcconfig"; sourceTree = "<group>"; };
		AA21DCC7490071E8F3AD3781 /* Pods-AXMLDecompressor.release.xcconfig */ = {isa = PBXFileReference; includeInIndex = 1; lastKnownFileType = text.xcconfig; name = "Pods-AXMLDecompressor.release.xcconfig"; path = "Pods/Target Support Files/Pods-AXMLDecompressor/Pods-AXMLDecompressor.release.xcconfig"; sourceTree = "<group>"; };
		FDEF27D04AE51D07E0606EF7 /* libPods-AXMLDecompressor.a */ = {isa = PBXFileReference; explicitFileType = archive.ar; includeInIndex = 0; path = "libPods-AXMLDecompressor.a"; sourceTree = BUILT_PRODUCTS_DIR; };
/* End PBXFileReference section */

/* Begin PBXFrameworksBuildPhase section */
		827682F51F770F7C009B3BAC /* Frameworks */ = {
			isa = PBXFrameworksBuildPhase;
			buildActionMask = 2147483647;
			files = (
				7DA5D302C37DCA207DD8F4CF /* libPods-AXMLDecompressor.a in Frameworks */,
			);
			runOnlyForDeploymentPostprocessing = 0;
		};
/* End PBXFrameworksBuildPhase section */

/* Begin PBXGroup section */
		4CADA080DD22F393812E4D20 /* Pods */ = {
			isa = PBXGroup;
			children = (
				9039627FF0C930D741E232A3 /* Pods-AXMLDecompressor.debug.xcconfig */,
				AA21DCC7490071E8F3AD3781 /* Pods-AXMLDecompressor.release.xcconfig */,
			);
			name = Pods;
			sourceTree = "<group>";
		};
		827682EF1F770F7B009B3BAC = {
			isa = PBXGroup;
			children = (
				827682FA1F770F7C009B3BAC /* AXMLDecompressor */,
				827682F91F770F7C009B3BAC /* Products */,
				4CADA080DD22F393812E4D20 /* Pods */,
				EDA3F0CDE3FC44052DC4C8A8 /* Frameworks */,
			);
			sourceTree = "<group>";
		};
		827682F91F770F7C009B3BAC /* Products */ = {
			isa = PBXGroup;
			children = (
				827682F81F770F7C009B3BAC /* AXMLDecompressor */,
			);
			name = Products;
			sourceTree = "<group>";
		};
		827682FA1F770F7C009B3BAC /* AXMLDecompressor */ = {
			isa = PBXGroup;
			children = (
				827682FB1F770F7C009B3BAC /* main.m */,
			);
			path = AXMLDecompressor;
			sourceTree = "<group>";
		};
		EDA3F0CDE3FC44052DC4C8A8 /* Frameworks */ = {
			isa = PBXGroup;
			children = (
				FDEF27D04AE51D07E0606EF7 /* libPods-AXMLDecompressor.a */,
			);
			name = Frameworks;
			sourceTree = "<group>";
		};
/* End PBXGroup section */

/* Begin PBXNativeTarget section */
		827682F71F770F7C009B3BAC /* AXMLDecompressor */ = {
			isa = PBXNativeTarget;
			buildConfigurationList = 827682FF1F770F7C009B3BAC /* Build configuration list for PBXNativeTarget "AXMLDecompressor" */;
			buildPhases = (
				ED1685C6719A0301397488D5 /* [CP] Check Pods Manifest.lock */,
				827682F41F770F7C009B3BAC /* Sources */,
				827682F51F770F7C009B3BAC /* Frameworks */,
				827682F61F770F7C009B3BAC /* CopyFiles */,
				0D846DB365502BB4C5A4A74B /* [CP] Copy Pods Resources */,
			);
			buildRules = (
			);
			dependencies = (
			);
			name = AXMLDecompressor;
			productName = AXMLDecompressor;
			productReference = 827682F81F770F7C009B3BAC /* AXMLDecompressor */;
			productType = "com.apple.product-type.tool";
		};
/* End PBXNativeTarget section */

/* Begin PBXProject section */
		827682F01F770F7B009B3BAC /* Project object */ = {
			isa = PBXProject;
			attributes = {
				LastUpgradeCheck = 0900;
				ORGANIZATIONNAME = "Nobuhiro Ito";
				TargetAttributes = {
					827682F71F770F7C009B3BAC = {
						CreatedOnToolsVersion = 9.0;
						ProvisioningStyle = Automatic;
					};
				};
			};
			buildConfigurationList = 827682F31F770F7B009B3BAC /* Build configuration list for PBXProject "AXMLDecompressor" */;
			compatibilityVersion = "Xcode 8.0";
			developmentRegion = en;
			hasScannedForEncodings = 0;
			knownRegions = (
				en,
			);
			mainGroup = 827682EF1F770F7B009B3BAC;
			productRefGroup = 827682F91F770F7C009B3BAC /* Products */;
			projectDirPath = "";
			projectRoot = "";
			targets = (
				827682F71F770F7C009B3BAC /* AXMLDecompressor */,
			);
		};
/* End PBXProject section */

/* Begin PBXShellScriptBuildPhase section */
		0D846DB365502BB4C5A4A74B /* [CP] Copy Pods Resources */ = {
			isa = PBXShellScriptBuildPhase;
			buildActionMask = 2147483647;
			files = (
			);
			inputPaths = (
			);
			name = "[CP] Copy Pods Resources";
			outputPaths = (
			);
			runOnlyForDeploymentPostprocessing = 0;
			shellPath = /bin/sh;
			shellScript = "\"${SRCROOT}/Pods/Target Support Files/Pods-AXMLDecompressor/Pods-AXMLDecompressor-resources.sh\"\n";
			showEnvVarsInLog = 0;
		};
		ED1685C6719A0301397488D5 /* [CP] Check Pods Manifest.lock */ = {
			isa = PBXShellScriptBuildPhase;
			buildActionMask = 2147483647;
			files = (
			);
			inputPaths = (
				"${PODS_PODFILE_DIR_PATH}/Podfile.lock",
				"${PODS_ROOT}/Manifest.lock",
			);
			name = "[CP] Check Pods Manifest.lock";
			outputPaths = (
				"$(DERIVED_FILE_DIR)/Pods-AXMLDecompressor-checkManifestLockResult.txt",
			);
			runOnlyForDeploymentPostprocessing = 0;
			shellPath = /bin/sh;
			shellScript = "diff \"${PODS_PODFILE_DIR_PATH}/Podfile.lock\" \"${PODS_ROOT}/Manifest.lock\" > /dev/null\nif [ $? != 0 ] ; then\n    # print error to STDERR\n    echo \"error: The sandbox is not in sync with the Podfile.lock. Run 'pod install' or update your CocoaPods installation.\" >&2\n    exit 1\nfi\n# This output is used by Xcode 'outputs' to avoid re-running this script phase.\necho \"SUCCESS\" > \"${SCRIPT_OUTPUT_FILE_0}\"\n";
			showEnvVarsInLog = 0;
		};
/* End PBXShellScriptBuildPhase section */

/* Begin PBXSourcesBuildPhase section */
		827682F41F770F7C009B3BAC /* Sources */ = {
			isa = PBXSourcesBuildPhase;
			buildActionMask = 2147483647;
			files = (
				827682FC1F770F7C009B3BAC /* main.m in Sources */,
			);
			runOnlyForDeploymentPostprocessing = 0;
		};
/* End PBXSourcesBuildPhase section */

/* Begin XCBuildConfiguration section */
		827682FD1F770F7C009B3BAC /* Debug */ = {
			isa = XCBuildConfiguration;
			buildSettings = {
				ALWAYS_SEARCH_USER_PATHS = NO;
				CLANG_ANALYZER_NONNULL = YES;
				CLANG_ANALYZER_NUMBER_OBJECT_CONVERSION = YES_AGGRESSIVE;
				CLANG_CXX_LANGUAGE_STANDARD = "gnu++14";
				CLANG_CXX_LIBRARY = "libc++";
				CLANG_ENABLE_MODULES = YES;
				CLANG_ENABLE_OBJC_ARC = YES;
				CLANG_WARN_BLOCK_CAPTURE_AUTORELEASING = YES;
				CLANG_WARN_BOOL_CONVERSION = YES;
				CLANG_WARN_COMMA = YES;
				CLANG_WARN_CONSTANT_CONVERSION = YES;
				CLANG_WARN_DIRECT_OBJC_ISA_USAGE = YES_ERROR;
				CLANG_WARN_DOCUMENTATION_COMMENTS = YES;
				CLANG_WARN_EMPTY_BODY = YES;
				CLANG_WARN_ENUM_CONVERSION = YES;
				CLANG_WARN_INFINITE_RECURSION = YES;
				CLANG_WARN_INT_CONVERSION = YES;
				CLANG_WARN_NON_LITERAL_NULL_CONVERSION = YES;
				CLANG_WARN_OBJC_LITERAL_CONVERSION = YES;
				CLANG_WARN_OBJC_ROOT_CLASS = YES_ERROR;
				CLANG_WARN_RANGE_LOOP_ANALYSIS = YES;
				CLANG_WARN_STRICT_PROTOTYPES = YES;
				CLANG_WARN_SUSPICIOUS_MOVE = YES;
				CLANG_WARN_UNGUARDED_AVAILABILITY = YES_AGGRESSIVE;
				CLANG_WARN_UNREACHABLE_CODE = YES;
				CLANG_WARN__DUPLICATE_METHOD_MATCH = YES;
				CODE_SIGN_IDENTITY = "-";
				COPY_PHASE_STRIP = NO;
				DEBUG_INFORMATION_FORMAT = dwarf;
				ENABLE_STRICT_OBJC_MSGSEND = YES;
				ENABLE_TESTABILITY = YES;
				GCC_C_LANGUAGE_STANDARD = gnu11;
				GCC_DYNAMIC_NO_PIC = NO;
				GCC_NO_COMMON_BLOCKS = YES;
				GCC_OPTIMIZATION_LEVEL = 0;
				GCC_PREPROCESSOR_DEFINITIONS = (
					"DEBUG=1",
					"$(inherited)",
				);
				GCC_WARN_64_TO_32_BIT_CONVERSION = YES;
				GCC_WARN_ABOUT_RETURN_TYPE = YES_ERROR;
				GCC_WARN_UNDECLARED_SELECTOR = YES;
				GCC_WARN_UNINITIALIZED_AUTOS = YES_AGGRESSIVE;
				GCC_WARN_UNUSED_FUNCTION = YES;
				GCC_WARN_UNUSED_VARIABLE = YES;
				MACOSX_DEPLOYMENT_TARGET = 10.12;
				MTL_ENABLE_DEBUG_INFO = YES;
				ONLY_ACTIVE_ARCH = YES;
				SDKROOT = macosx;
			};
			name = Debug;
		};
		827682FE1F770F7C009B3BAC /* Release */ = {
			isa = XCBuildConfiguration;
			buildSettings = {
				ALWAYS_SEARCH_USER_PATHS = NO;
				CLANG_ANALYZER_NONNULL = YES;
				CLANG_ANALYZER_NUMBER_OBJECT_CONVERSION = YES_AGGRESSIVE;
				CLANG_CXX_LANGUAGE_STANDARD = "gnu++14";
				CLANG_CXX_LIBRARY = "libc++";
				CLANG_ENABLE_MODULES = YES;
				CLANG_ENABLE_OBJC_ARC = YES;
				CLANG_WARN_BLOCK_CAPTURE_AUTORELEASING = YES;
				CLANG_WARN_BOOL_CONVERSION = YES;
				CLANG_WARN_COMMA = YES;
				CLANG_WARN_CONSTANT_CONVERSION = YES;
				CLANG_WARN_DIRECT_OBJC_ISA_USAGE = YES_ERROR;
				CLANG_WARN_DOCUMENTATION_COMMENTS = YES;
				CLANG_WARN_EMPTY_BODY = YES;
				CLANG_WARN_ENUM_CONVERSION = YES;
				CLANG_WARN_INFINITE_RECURSION = YES;
				CLANG_WARN_INT_CONVERSION = YES;
				CLANG_WARN_NON_LITERAL_NULL_CONVERSION = YES;
				CLANG_WARN_OBJC_LITERAL_CONVERSION = YES;
				CLANG_WARN_OBJC_ROOT_CLASS = YES_ERROR;
				CLANG_WARN_RANGE_LOOP_ANALYSIS = YES;
				CLANG_WARN_STRICT_PROTOTYPES = YES;
				CLANG_WARN_SUSPICIOUS_MOVE = YES;
				CLANG_WARN_UNGUARDED_AVAILABILITY = YES_AGGRESSIVE;
				CLANG_WARN_UNREACHABLE_CODE = YES;
				CLANG_WARN__DUPLICATE_METHOD_MATCH = YES;
				CODE_SIGN_IDENTITY = "-";
				COPY_PHASE_STRIP = NO;
				DEBUG_INFORMATION_FORMAT = "dwarf-with-dsym";
				ENABLE_NS_ASSERTIONS = NO;
				ENABLE_STRICT_OBJC_MSGSEND = YES;
				GCC_C_LANGUAGE_STANDARD = gnu11;
				GCC_NO_COMMON_BLOCKS = YES;
				GCC_WARN_64_TO_32_BIT_CONVERSION = YES;
				GCC_WARN_ABOUT_RETURN_TYPE = YES_ERROR;
				GCC_WARN_UNDECLARED_SELECTOR = YES;
				GCC_WARN_UNINITIALIZED_AUTOS = YES_AGGRESSIVE;
				GCC_WARN_UNUSED_FUNCTION = YES;
				GCC_WARN_UNUSED_VARIABLE = YES;
				MACOSX_DEPLOYMENT_TARGET = 10.12;
				MTL_ENABLE_DEBUG_INFO = NO;
				SDKROOT = macosx;
			};
			name = Release;
		};
		827683001F770F7C009B3BAC /* Debug */ = {
			isa = XCBuildConfiguration;
			baseConfigurationReference = 9039627FF0C930D741E232A3 /* Pods-AXMLDecompressor.debug.xcconfig */;
			buildSettings = {
				CODE_SIGN_STYLE = Automatic;
				PRODUCT_NAME = "$(TARGET_NAME)";
			};
			name = Debug;
		};
		827683011F770F7C009B3BAC /* Release */ = {
			isa = XCBuildConfiguration;
			baseConfigurationReference = AA21DCC7490071E8F3AD3781 /* Pods-AXMLDecompressor.release.xcconfig */;
			buildSettings = {
				CODE_SIGN_STYLE = Automatic;
				PRODUCT_NAME = "$(TARGET_NAME)";
			};
			name = Release;
		};
/* End XCBuildConfiguration section */

/* Begin XCConfigurationList section */
		827682F31F770F7B009B3BAC /* Build configuration list for PBXProject "AXMLDecompressor" */ = {
			isa = XCConfigurationList;
			buildConfigurations = (
				827682FD1F770F7C009B3BAC /* Debug */,
				827682FE1F770F7C009B3BAC /* Release */,
			);
			defaultConfigurationIsVisible = 0;
			defaultConfigurationName = Release;
		};
		827682FF1F770F7C009B3BAC /* Build configuration list for PBXNativeTarget "AXMLDecompressor" */ = {
			isa = XCConfigurationList;
			buildConfigurations = (
				827683001F770F7C009B3BAC /* Debug */,
				827683011F770F7C009B3BAC /* Release */,
			);
			defaultConfigurationIsVisible = 0;
			defaultConfigurationName = Release;
		};
/* End XCConfigurationList section */
	};
	rootObject = 827682F01F770F7B009B3BAC /* Project object */;
}
